github.com/Azure/go-workflow v0.1.13 h1:tqYmmKsw068Uu/OKRIctQEe1H6BZyXs9mJtzocc7jtE=
github.com/Azure/go-workflow v0.1.13/go.mod h1:gOt4hadDnP+SzV+ywWJRcM1BSopJ+1rfGlhrTIR040I=
github.com/benbjohnson/clock v1.3.5 h1:VvXlSJBzZpA/zum6Sj74hxwYI2DIxRWuNIoXAzHZz5o=
github.com/benbjohnson/clock v1.3.5/go.mod h1:J11/hYXuz8f4ySSvYwY0FKfm+ezbsZBKZxNJlLklBHA=
github.com/cenkalti/backoff/v4 v4.3.0 h1:MyRJ/UdXutAwSAT+s3wNd7MfTIcy71VQueUuFK343L8=
github.com/cenkalti/backoff/v4 v4.3.0/go.mod h1:Y3VNntkOUPxTVeUxJ/G5vcM//AlwfmyYozVcomhLiZE=
github.com/larsartmann/go-branded-id v0.3.1 h1:n53Vz3MCUy3S8YfW/v+zxL/qT96iiXZOT6p46HZysyA=
github.com/larsartmann/go-branded-id v0.3.1/go.mod h1:fiv3t1PyNCITnE/8KtymGCUz7tQRuQxF+8oqNdFmA/Y=
github.com/larsartmann/go-output v0.17.0 h1:XuIh0MVeBb3TidWHDi9GHfB8t0QT3vfi/W21C9W/crU=
github.com/larsartmann/go-output v0.17.0/go.mod h1:CeBVdYrTzQk1DYzsivdyA/X8G/uYLvG+pWcGgODV4BI=
github.com/larsartmann/go-output/enum v0.13.0 h1:NiX5qlSfRpyDxDNmJ6r8HMh6O5oYOJzPjIYdztMqiU0=
github.com/larsartmann/go-output/enum v0.13.0/go.mod h1:IqgDUFUfvMt8uIho9J2LCMam6df/jqPo+UkT4hdXg+E=
github.com/larsartmann/go-output/envdetect v0.13.0 h1:MikA9WbW78LXk6u2s8e4rFCItvqEGBx1MwoSakWNtWA=
github.com/larsartmann/go-output/envdetect v0.13.0/go.mod h1:ZdM/TuI2ysu6WrecoVMs4c73lypeyHdjTOAwxjgukII=
github.com/larsartmann/go-output/escape v0.13.0 h1:m1lH2vjy5z/Vy5qAXmHMKyzW+U76MDqeg7gCNkQDArg=
github.com/larsartmann/go-output/escape v0.13.0/go.mod h1:L3iQEIPoRKAu7t7aY8FDK0ecFGY8W9fOW3aBC5o8mAU=
github.com/larsartmann/go-output/graph v0.13.0 h1:oy6v/Q0yWry/KO4XD1E29I82CIOLI5ob9vfm267J1Lw=
github.com/larsartmann/go-output/graph v0.13.0/go.mod h1:gpeYOyJxyde/01exEgCWaIyZk+6ux2VcigAjUErY9Sg=
github.com/larsartmann/go-output/plantuml v0.13.0 h1:oXMFevRTOy1wWio8Qc/rE4yxLuXE0RnMzIus7Zp7F0I=
github.com/larsartmann/go-output/plantuml v0.13.0/go.mod h1:mNUE9pPNvHXZjkL7axpDFVoqQpguulKKjhvPihp/+8g=
golang.org/x/sys v0.46.0 h1:noSf2Fq6F8DBgS+LysIkx7rIExoNHJsxOAtPp4rthXw=
golang.org/x/sys v0.46.0/go.mod h1:4GL1E5IUh+htKOUEOaiffhrAeqysfVGipDYzABqnCmw=
golang.org/x/term v0.44.0 h1:0rLvDRCtNj0gZkyIXhCyOb2OAzEhLVqc4B+hrsBhrmc=
golang.org/x/term v0.44.0/go.mod h1:7ze4MdzUzLXpSAoFP1H0bOI9aXDqveSvatT5vKcFh2Y=
