charm.land/lipgloss/v2 v2.0.5 h1:kbNxgeeUOYv5J0YdpxFjfvf3dFvqH8Aci4zB6xqFtrY=
charm.land/lipgloss/v2 v2.0.5/go.mod h1:9oqhxt4yxIMe6q5A4kHr44DremZk7J9UNh74GlWa5nc=
github.com/Azure/go-workflow v0.1.13 h1:tqYmmKsw068Uu/OKRIctQEe1H6BZyXs9mJtzocc7jtE=
github.com/Azure/go-workflow v0.1.13/go.mod h1:gOt4hadDnP+SzV+ywWJRcM1BSopJ+1rfGlhrTIR040I=
github.com/aymanbagabas/go-udiff v0.4.1 h1:OEIrQ8maEeDBXQDoGCbbTTXYJMYRCRO1fnodZ12Gv5o=
github.com/aymanbagabas/go-udiff v0.4.1/go.mod h1:0L9PGwj20lrtmEMeyw4WKJ/TMyDtvAoK9bf2u/mNo3w=
github.com/benbjohnson/clock v1.3.5 h1:VvXlSJBzZpA/zum6Sj74hxwYI2DIxRWuNIoXAzHZz5o=
github.com/benbjohnson/clock v1.3.5/go.mod h1:J11/hYXuz8f4ySSvYwY0FKfm+ezbsZBKZxNJlLklBHA=
github.com/cenkalti/backoff/v4 v4.3.0 h1:MyRJ/UdXutAwSAT+s3wNd7MfTIcy71VQueUuFK343L8=
github.com/cenkalti/backoff/v4 v4.3.0/go.mod h1:Y3VNntkOUPxTVeUxJ/G5vcM//AlwfmyYozVcomhLiZE=
github.com/charmbracelet/colorprofile v0.4.3 h1:QPa1IWkYI+AOB+fE+mg/5/4HRMZcaXex9t5KX76i20Q=
github.com/charmbracelet/colorprofile v0.4.3/go.mod h1:/zT4BhpD5aGFpqQQqw7a+VtHCzu+zrQtt1zhMt9mR4Q=
github.com/charmbracelet/ultraviolet v0.0.0-20260703014108-f5a850f9c2b7 h1:3FmWoGNWK4STvqg0O0Aeav2T7rodWJAPeF0QpH+8gFw=
github.com/charmbracelet/ultraviolet v0.0.0-20260703014108-f5a850f9c2b7/go.mod h1:f/jRa757WUmaOZrbPspXymbg/GnbF+rwe4OLsG7aXYo=
github.com/charmbracelet/x/ansi v0.11.7 h1:kzv1kJvjg2S3r9KHo8hDdHFQLEqn4RBCb39dAYC84jI=
github.com/charmbracelet/x/ansi v0.11.7/go.mod h1:9qGpnAVYz+8ACONkZBUWPtL7lulP9No6p1epAihUZwQ=
github.com/charmbracelet/x/exp/golden v0.0.0-20260705004817-2cc9a8fe1146 h1:+Gg3H2AVBIiYRUG/ctd7XjvUVbZ11odkbdkOrImmtbg=
github.com/charmbracelet/x/exp/golden v0.0.0-20260705004817-2cc9a8fe1146/go.mod h1:6fMpcW6iwN/kX+xJ52eqVWsDiBTe0UJD24JLoHFe+P0=
github.com/charmbracelet/x/term v0.2.2 h1:xVRT/S2ZcKdhhOuSP4t5cLi5o+JxklsoEObBSgfgZRk=
github.com/charmbracelet/x/term v0.2.2/go.mod h1:kF8CY5RddLWrsgVwpw4kAa6TESp6EB5y3uxGLeCqzAI=
github.com/charmbracelet/x/termios v0.1.1 h1:o3Q2bT8eqzGnGPOYheoYS8eEleT5ZVNYNy8JawjaNZY=
github.com/charmbracelet/x/termios v0.1.1/go.mod h1:rB7fnv1TgOPOyyKRJ9o+AsTU/vK5WHJ2ivHeut/Pcwo=
github.com/charmbracelet/x/windows v0.2.2 h1:IofanmuvaxnKHuV04sC0eBy/smG6kIKrWG2/jYn2GuM=
github.com/charmbracelet/x/windows v0.2.2/go.mod h1:/8XtdKZzedat74NQFn0NGlGL4soHB0YQZrETF96h75k=
github.com/clipperhouse/displaywidth v0.11.0 h1:lBc6kY44VFw+TDx4I8opi/EtL9m20WSEFgwIwO+UVM8=
github.com/clipperhouse/displaywidth v0.11.0/go.mod h1:bkrFNkf81G8HyVqmKGxsPufD3JhNl3dSqnGhOoSD/o0=
github.com/clipperhouse/uax29/v2 v2.7.0 h1:+gs4oBZ2gPfVrKPthwbMzWZDaAFPGYK72F0NJv2v7Vk=
github.com/clipperhouse/uax29/v2 v2.7.0/go.mod h1:EFJ2TJMRUaplDxHKj1qAEhCtQPW2tJSwu5BF98AuoVM=
github.com/davecgh/go-spew v1.1.1 h1:vj9j/u1bqnvCEfJOwUhtlOARqs3+rkHYY13jYWTU97c=
github.com/davecgh/go-spew v1.1.1/go.mod h1:J7Y8YcW2NihsgmVo/mv3lAwl/skON4iLHjSsI+c5H38=
github.com/go-faster/errors v0.7.1 h1:MkJTnDoEdi9pDabt1dpWf7AA8/BaSYZqibYyhZ20AYg=
github.com/go-faster/errors v0.7.1/go.mod h1:5ySTjWFiphBs07IKuiL69nxdfd5+fzh1u7FPGZP2quo=
github.com/go-faster/jx v1.2.0 h1:T2YHJPrFaYu21fJtUxC9GzmluKu8rVIFDwwGBKTDseI=
github.com/go-faster/jx v1.2.0/go.mod h1:UWLOVDmMG597a5tBFPLIWJdUxz5/2emOpfsj9Neg0PE=
github.com/go-faster/yaml v0.4.6 h1:lOK/EhI04gCpPgPhgt0bChS6bvw7G3WwI8xxVe0sw9I=
github.com/go-faster/yaml v0.4.6/go.mod h1:390dRIvV4zbnO7qC9FGo6YYutc+wyyUSHBgbXL52eXk=
github.com/larsartmann/go-branded-id v0.3.2 h1:Vbe5/LRuR2ycDFpDKuuuG8brBRYvSYcOU1nqV8IIZPI=
github.com/larsartmann/go-branded-id v0.3.2/go.mod h1:xoQYcGTGrMqRYB8cMKHe2efq8S6stQGg3nW4DzXVWpA=
github.com/larsartmann/go-error-family v0.7.0 h1:D3fMZbx0gjVjtWOyIfevlUKWMWE65NnHFwtpBP3l9bw=
github.com/larsartmann/go-error-family v0.7.0/go.mod h1:JEvLiYWT8p9WrNXrD1Ow97DphYsB9Bksr2lNmwG3Vm4=
github.com/larsartmann/go-output v0.30.4 h1:yOqG3jGbPbNroruOFF5pCqTtoClAn9m/BdrIOyVjJTM=
github.com/larsartmann/go-output v0.30.4/go.mod h1:SsvoBY1HfdQimpZ3nHZ0q8rXfgVtJmSfBXgVHakIF1Q=
github.com/larsartmann/go-output/d2 v0.30.4 h1:nr+rhB/MsLKP4p2xXM8/zilI8sM1uZrjZI67Oat03NA=
github.com/larsartmann/go-output/d2 v0.30.4/go.mod h1:l+PFcJraWz4EmXx7/LAT8W1RCCylon2JXSz2BT8pIiQ=
github.com/larsartmann/go-output/daghtml v0.30.4 h1:xywJHKUoOirG6CnFIZIOdj6uebxOZbeVJ9MdC5WUeuQ=
github.com/larsartmann/go-output/daghtml v0.30.4/go.mod h1:holcQVJPytKDcFUXKZlaDtMzJzOROXPqNQpwmfFD5OQ=
github.com/larsartmann/go-output/delimited v0.31.1 h1:5OrkVlBhOE5wevDVEAtXZlX3vy7+mcUpuksvyMGiwYk=
github.com/larsartmann/go-output/delimited v0.31.1/go.mod h1:kU7Na/91WuRjXz9MfsVlbiVKmYIe/S/VKWOsPm7/XnY=
github.com/larsartmann/go-output/escape v0.30.4 h1:Vs76RuYUuPuyXj11/P+wpzlsPPbso4jnsa/iysyZb9k=
github.com/larsartmann/go-output/escape v0.30.4/go.mod h1:L3iQEIPoRKAu7t7aY8FDK0ecFGY8W9fOW3aBC5o8mAU=
github.com/larsartmann/go-output/graph v0.30.4 h1:Rx3m3lToJo4Enxa7xOpB0eUTGulcihRQpIDdGuks+H4=
github.com/larsartmann/go-output/graph v0.30.4/go.mod h1:TUGKjlHRXT3Ozz7vCx9BfCF57P4EJwgelQH0z50AjgY=
github.com/larsartmann/go-output/markdown v0.30.4 h1:Yk9MYs4neFAO2fspBolOwzkAGNgP+DjLZM0ai6GI8Q0=
github.com/larsartmann/go-output/markdown v0.30.4/go.mod h1:pol3jaRc4orhvCqohSuGwKM1qnRnhx817IUqIuHp9co=
github.com/larsartmann/go-output/markup v0.30.4 h1:Kxdowb2GfijnyK5qFjx9bzTZhHHND3PA9TTqHzgB38A=
github.com/larsartmann/go-output/markup v0.30.4/go.mod h1:AiOzl0vE8Rim11/gFqH8ovTv16+JHakQTRBcZAp348w=
github.com/larsartmann/go-output/plantuml v0.30.4 h1:YVMq8ghSBUJfzBxHmeLwPxFVJiDZnihJ3LlkyWySOOI=
github.com/larsartmann/go-output/plantuml v0.30.4/go.mod h1:KPYCi/5UDuJPnSPh8fLTbboS6+oP/4vAFkkB4C6P6wA=
github.com/larsartmann/go-output/serialization v0.30.4 h1:aN0fvadkfhS568GFcdMhhtZAHd5f+1h+VbCbLHQO3RM=
github.com/larsartmann/go-output/serialization v0.30.4/go.mod h1:M2DIjlY1N2gR7USSq09oJnbdNt2BVvsdqFBh99CtHFg=
github.com/larsartmann/go-output/table v0.30.4 h1:odz/n8FGHhrLvydWB4xCfPTaTWMqPM4yWg4OsNEZges=
github.com/larsartmann/go-output/table v0.30.4/go.mod h1:1AfaWL39mVWeGGG4NnsusivuDesI/H6vgW4HhcDHAV0=
github.com/larsartmann/go-output/testhelpers v0.30.4 h1:huic5FZqrrjRx+1VnZ8aVtAHfogVfLBMRDkJbXoK0J8=
github.com/larsartmann/go-output/testhelpers v0.30.4/go.mod h1:W4rI3kVhlLVH69t6ueNIPg64sE17fsgtPB3qUyvxgos=
github.com/larsartmann/go-output/testhelpers/graphtest v0.30.4 h1:Hnn/3CkYhZSozasmejk1kgLt61N7fas2B4pZxtCAWCI=
github.com/larsartmann/go-output/testhelpers/graphtest v0.30.4/go.mod h1:dQwg/Xp/6DSvB0IJqWDpMiJnOlf3ucWVcJkF5kgyrao=
github.com/larsartmann/go-output/tree v0.30.4 h1:U0+WfkgN+vlAGsGsZ+QLqJqixpBV1FCIiiiGZkJcUPM=
github.com/larsartmann/go-output/tree v0.30.4/go.mod h1:wjs08XR5eDVNhsRNYR4onTSS7GBrFwNGhQYHfAvc3u8=
github.com/lucasb-eyer/go-colorful v1.4.0 h1:UtrWVfLdarDgc44HcS7pYloGHJUjHV/4FwW4TvVgFr4=
github.com/lucasb-eyer/go-colorful v1.4.0/go.mod h1:R4dSotOR9KMtayYi1e77YzuveK+i7ruzyGqttikkLy0=
github.com/mattn/go-runewidth v0.0.24 h1:cpokDiIn0MGnhdHwuWnJBITySJ20QyNGnY2kR/ay2DU=
github.com/mattn/go-runewidth v0.0.24/go.mod h1:XBkDxAl56ILZc9knddidhrOlY5R/pDhgLpndooCuJAs=
github.com/muesli/cancelreader v0.2.2 h1:3I4Kt4BQjOR54NavqnDogx/MIoWBFa0StPA8ELUXHmA=
github.com/muesli/cancelreader v0.2.2/go.mod h1:3XuTXfFS2VjM+HTLZY9Ak0l6eUKfijIfMUZ4EgX0QYo=
github.com/pelletier/go-toml/v2 v2.4.3 h1:GTRvJQutkOSftxIFD5xw9aepkYNuPWmVJpffdDPYVpY=
github.com/pelletier/go-toml/v2 v2.4.3/go.mod h1:2gIqNv+qfxSVS7cM2xJQKtLSTLUE9V8t9Stt+h56mCY=
github.com/pmezard/go-difflib v1.0.0 h1:4DBwDE0NGyQoBHbLQYPwSUPoCMWR5BEzIk/f1lZbAQM=
github.com/pmezard/go-difflib v1.0.0/go.mod h1:iKH77koFhYxTK1pcRnkKkqfTogsbg7gZNVY4sRDYZ/4=
github.com/rivo/uniseg v0.4.7 h1:WUdvkW8uEhrYfLC4ZzdpI2ztxP1I582+49Oc5Mq64VQ=
github.com/rivo/uniseg v0.4.7/go.mod h1:FN3SvrM+Zdj16jyLfmOkMNblXMcoc8DfTHruCPUcx88=
github.com/segmentio/asm v1.2.1 h1:DTNbBqs57ioxAD4PrArqftgypG4/qNpXoJx8TVXxPR0=
github.com/segmentio/asm v1.2.1/go.mod h1:BqMnlJP91P8d+4ibuonYZw9mfnzI9HfxselHZr5aAcs=
github.com/stretchr/objx v0.5.2 h1:xuMeJ0Sdp5ZMRXx/aWO6RZxdr3beISkG5/G/aIRr3pY=
github.com/stretchr/objx v0.5.2/go.mod h1:FRsXN1f5AsAjCGJKqEizvkpNtU+EGNCLh3NxZ/8L+MA=
github.com/stretchr/testify v1.11.1 h1:7s2iGBzp5EwR7/aIZr8ao5+dra3wiQyKjjFuvgVKu7U=
github.com/stretchr/testify v1.11.1/go.mod h1:wZwfW3scLgRK+23gO65QZefKpKQRnfz6sD981Nm4B6U=
github.com/xo/terminfo v0.0.0-20220910002029-abceb7e1c41e h1:JVG44RsyaB9T2KIHavMF/ppJZNG9ZpyihvCd0w101no=
github.com/xo/terminfo v0.0.0-20220910002029-abceb7e1c41e/go.mod h1:RbqR21r5mrJuqunuUZ/Dhy/avygyECGrLceyNeo4LiM=
go.uber.org/multierr v1.11.0 h1:blXXJkSxSSfBVBlC76pxqeO+LN3aDfLQo+309xJstO0=
go.uber.org/multierr v1.11.0/go.mod h1:20+QtiLqy0Nd6FdQB9TLXag12DsQkrbs3htMFfDN80Y=
golang.org/x/exp v0.0.0-20260611194520-c48552f49976 h1:X8Hz2ImujgbmetVuW+w2YkyZChE3cBpZi2P158rTG9M=
golang.org/x/exp v0.0.0-20260611194520-c48552f49976/go.mod h1:vnf4pv9iKZXY58sQE1L86zmNWJ4159e1RkcWiLCkeEY=
golang.org/x/sync v0.22.0 h1:SZjpbeLmrCk4xhRSZFNZW5gFUeCeFgjekvI/+gfScek=
golang.org/x/sync v0.22.0/go.mod h1:9xrNwdLfx4jkKbNva9FpL6vEN7evnE43NNNJQ2LF3+0=
golang.org/x/sys v0.47.0 h1:o7XGOvZQCADBQQ4Y7VNq2dRWQR7JmOUW8Kxx4ZsNgWs=
golang.org/x/sys v0.47.0/go.mod h1:4GL1E5IUh+htKOUEOaiffhrAeqysfVGipDYzABqnCmw=
golang.org/x/term v0.45.0 h1:NwWyBmoJCbfTHpxrWoZ9C6/VxOf7ic219I8xZZFdrf0=
golang.org/x/term v0.45.0/go.mod h1:9aqxs0blBcrm/n0L9QW0aRVD+ktan8ssZromtqJC43w=
gopkg.in/yaml.v3 v3.0.1 h1:fxVm/GzAzEWqLHuvctI91KS9hhNmmWOoWu0XTYJS7CA=
gopkg.in/yaml.v3 v3.0.1/go.mod h1:K4uyk7z7BCEPqu6E+C64Yfv1cQ7kz7rIZviUmN+EgEM=
